// !$*UTF8*$!
{
	archiveVersion = 1;
	classes = {
	};
	objectVersion = 55;
	objects = {

/* Begin PBXBuildFile section */
		0F0DB53700BB900F8FD33FAD /* Pods_Rx_Training_day1.framework in Frameworks */ = {isa = PBXBuildFile; fileRef = CE6271AB11CFCB74952784FF /* Pods_Rx_Training_day1.framework */; };
		57D91E522886E25B0037F3A5 /* AppDelegate.swift in Sources */ = {isa = PBXBuildFile; fileRef = 57D91E512886E25B0037F3A5 /* AppDelegate.swift */; };
		57D91E542886E25B0037F3A5 /* SceneDelegate.swift in Sources */ = {isa = PBXBuildFile; fileRef = 57D91E532886E25B0037F3A5 /* SceneDelegate.swift */; };
		57D91E562886E25B0037F3A5 /* ViewController.swift in Sources */ = {isa = PBXBuildFile; fileRef = 57D91E552886E25B0037F3A5 /* ViewController.swift */; };
		57D91E592886E25B0037F3A5 /* Main.storyboard in Resources */ = {isa = PBXBuildFile; fileRef = 57D91E572886E25B0037F3A5 /* Main.storyboard */; };
		57D91E5B2886E25D0037F3A5 /* Assets.xcassets in Resources */ = {isa = PBXBuildFile; fileRef = 57D91E5A2886E25D0037F3A5 /* Assets.xcassets */; };
		57D91E5E2886E25D0037F3A5 /* LaunchScreen.storyboard in Resources */ = {isa = PBXBuildFile; fileRef = 57D91E5C2886E25D0037F3A5 /* LaunchScreen.storyboard */; };
		57D91E662886E4B60037F3A5 /* TextFieldViewController.swift in Sources */ = {isa = PBXBuildFile; fileRef = 57D91E652886E4B60037F3A5 /* TextFieldViewController.swift */; };
		57D91E6828884C540037F3A5 /* PracticeViewController.swift in Sources */ = {isa = PBXBuildFile; fileRef = 57D91E6728884C540037F3A5 /* PracticeViewController.swift */; };
		57D91E6B28884CF90037F3A5 /* PracticeViewModel.swift in Sources */ = {isa = PBXBuildFile; fileRef = 57D91E6A28884CF90037F3A5 /* PracticeViewModel.swift */; };
/* End PBXBuildFile section */

/* Begin PBXFileReference section */
		1BE88EC9C1068279FFC4A61A /* Pods-Rx_Training_day1.debug.xcconfig */ = {isa = PBXFileReference; includeInIndex = 1; lastKnownFileType = text.xcconfig; name = "Pods-Rx_Training_day1.debug.xcconfig"; path = "Target Support Files/Pods-Rx_Training_day1/Pods-Rx_Training_day1.debug.xcconfig"; sourceTree = "<group>"; };
		4C11F769FCD34884EDF3EF44 /* Pods-Rx_Training_day1.release.xcconfig */ = {isa = PBXFileReference; includeInIndex = 1; lastKnownFileType = text.xcconfig; name = "Pods-Rx_Training_day1.release.xcconfig"; path = "Target Support Files/Pods-Rx_Training_day1/Pods-Rx_Training_day1.release.xcconfig"; sourceTree = "<group>"; };
		57D91E4E2886E25B0037F3A5 /* Rx_Training_day1.app */ = {isa = PBXFileReference; explicitFileType = wrapper.application; includeInIndex = 0; path = Rx_Training_day1.app; sourceTree = BUILT_PRODUCTS_DIR; };
		57D91E512886E25B0037F3A5 /* AppDelegate.swift */ = {isa = PBXFileReference; lastKnownFileType = sourcecode.swift; path = AppDelegate.swift; sourceTree = "<group>"; };
		57D91E532886E25B0037F3A5 /* SceneDelegate.swift */ = {isa = PBXFileReference; lastKnownFileType = sourcecode.swift; path = SceneDelegate.swift; sourceTree = "<group>"; };
		57D91E552886E25B0037F3A5 /* ViewController.swift */ = {isa = PBXFileReference; lastKnownFileType = sourcecode.swift; path = ViewController.swift; sourceTree = "<group>"; };
		57D91E582886E25B0037F3A5 /* Base */ = {isa = PBXFileReference; lastKnownFileType = file.storyboard; name = Base; path = Base.lproj/Main.storyboard; sourceTree = "<group>"; };
		57D91E5A2886E25D0037F3A5 /* Assets.xcassets */ = {isa = PBXFileReference; lastKnownFileType = folder.assetcatalog; path = Assets.xcassets; sourceTree = "<group>"; };
		57D91E5D2886E25D0037F3A5 /* Base */ = {isa = PBXFileReference; lastKnownFileType = file.storyboard; name = Base; path = Base.lproj/LaunchScreen.storyboard; sourceTree = "<group>"; };
		57D91E5F2886E25D0037F3A5 /* Info.plist */ = {isa = PBXFileReference; lastKnownFileType = text.plist.xml; path = Info.plist; sourceTree = "<group>"; };
		57D91E652886E4B60037F3A5 /* TextFieldViewController.swift */ = {isa = PBXFileReference; lastKnownFileType = sourcecode.swift; path = TextFieldViewController.swift; sourceTree = "<group>"; };
		57D91E6728884C540037F3A5 /* PracticeViewController.swift */ = {isa = PBXFileReference; lastKnownFileType = sourcecode.swift; path = PracticeViewController.swift; sourceTree = "<group>"; };
		57D91E6A28884CF90037F3A5 /* PracticeViewModel.swift */ = {isa = PBXFileReference; lastKnownFileType = sourcecode.swift; path = PracticeViewModel.swift; sourceTree = "<group>"; };
		CE6271AB11CFCB74952784FF /* Pods_Rx_Training_day1.framework */ = {isa = PBXFileReference; explicitFileType = wrapper.framework; includeInIndex = 0; path = Pods_Rx_Training_day1.framework; sourceTree = BUILT_PRODUCTS_DIR; };
/* End PBXFileReference section */

/* Begin PBXFrameworksBuildPhase section */
		57D91E4B2886E25B0037F3A5 /* Frameworks */ = {
			isa = PBXFrameworksBuildPhase;
			buildActionMask = 2147483647;
			files = (
				0F0DB53700BB900F8FD33FAD /* Pods_Rx_Training_day1.framework in Frameworks */,
			);
			runOnlyForDeploymentPostprocessing = 0;
		};
/* End PBXFrameworksBuildPhase section */

/* Begin PBXGroup section */
		4B95EB2B0DB7121689099A74 /* Frameworks */ = {
			isa = PBXGroup;
			children = (
				CE6271AB11CFCB74952784FF /* Pods_Rx_Training_day1.framework */,
			);
			name = Frameworks;
			sourceTree = "<group>";
		};
		57D91E452886E25B0037F3A5 = {
			isa = PBXGroup;
			children = (
				57D91E502886E25B0037F3A5 /* Rx_Training_day1 */,
				57D91E4F2886E25B0037F3A5 /* Products */,
				B03609A4E18DD8B1A43CBC39 /* Pods */,
				4B95EB2B0DB7121689099A74 /* Frameworks */,
			);
			sourceTree = "<group>";
		};
		57D91E4F2886E25B0037F3A5 /* Products */ = {
			isa = PBXGroup;
			children = (
				57D91E4E2886E25B0037F3A5 /* Rx_Training_day1.app */,
			);
			name = Products;
			sourceTree = "<group>";
		};
		57D91E502886E25B0037F3A5 /* Rx_Training_day1 */ = {
			isa = PBXGroup;
			children = (
				57D91E512886E25B0037F3A5 /* AppDelegate.swift */,
				57D91E532886E25B0037F3A5 /* SceneDelegate.swift */,
				57D91E552886E25B0037F3A5 /* ViewController.swift */,
				57D91E652886E4B60037F3A5 /* TextFieldViewController.swift */,
				57D91E6728884C540037F3A5 /* PracticeViewController.swift */,
				57D91E6928884CE90037F3A5 /* ViewModel */,
				57D91E572886E25B0037F3A5 /* Main.storyboard */,
				57D91E5A2886E25D0037F3A5 /* Assets.xcassets */,
				57D91E5C2886E25D0037F3A5 /* LaunchScreen.storyboard */,
				57D91E5F2886E25D0037F3A5 /* Info.plist */,
			);
			path = Rx_Training_day1;
			sourceTree = "<group>";
		};
		57D91E6928884CE90037F3A5 /* ViewModel */ = {
			isa = PBXGroup;
			children = (
				57D91E6A28884CF90037F3A5 /* PracticeViewModel.swift */,
			);
			path = ViewModel;
			sourceTree = "<group>";
		};
		B03609A4E18DD8B1A43CBC39 /* Pods */ = {
			isa = PBXGroup;
			children = (
				1BE88EC9C1068279FFC4A61A /* Pods-Rx_Training_day1.debug.xcconfig */,
				4C11F769FCD34884EDF3EF44 /* Pods-Rx_Training_day1.release.xcconfig */,
			);
			path = Pods;
			sourceTree = "<group>";
		};
/* End PBXGroup section */

/* Begin PBXNativeTarget section */
		57D91E4D2886E25B0037F3A5 /* Rx_Training_day1 */ = {
			isa = PBXNativeTarget;
			buildConfigurationList = 57D91E622886E25D0037F3A5 /* Build configuration list for PBXNativeTarget "Rx_Training_day1" */;
			buildPhases = (
				80CF3BA83B7E46AA679BB18F /* [CP] Check Pods Manifest.lock */,
				57D91E4A2886E25B0037F3A5 /* Sources */,
				57D91E4B2886E25B0037F3A5 /* Frameworks */,
				57D91E4C2886E25B0037F3A5 /* Resources */,
				B468E65E6EB66138CE78627F /* [CP] Embed Pods Frameworks */,
			);
			buildRules = (
			);
			dependencies = (
			);
			name = Rx_Training_day1;
			productName = Rx_Training_day1;
			productReference = 57D91E4E2886E25B0037F3A5 /* Rx_Training_day1.app */;
			productType = "com.apple.product-type.application";
		};
/* End PBXNativeTarget section */

/* Begin PBXProject section */
		57D91E462886E25B0037F3A5 /* Project object */ = {
			isa = PBXProject;
			attributes = {
				BuildIndependentTargetsInParallel = 1;
				LastSwiftUpdateCheck = 1330;
				LastUpgradeCheck = 1330;
				TargetAttributes = {
					57D91E4D2886E25B0037F3A5 = {
						CreatedOnToolsVersion = 13.3.1;
					};
				};
			};
			buildConfigurationList = 57D91E492886E25B0037F3A5 /* Build configuration list for PBXProject "Rx_Training_day1" */;
			compatibilityVersion = "Xcode 13.0";
			developmentRegion = en;
			hasScannedForEncodings = 0;
			knownRegions = (
				en,
				Base,
			);
			mainGroup = 57D91E452886E25B0037F3A5;
			productRefGroup = 57D91E4F2886E25B0037F3A5 /* Products */;
			projectDirPath = "";
			projectRoot = "";
			targets = (
				57D91E4D2886E25B0037F3A5 /* Rx_Training_day1 */,
			);
		};
/* End PBXProject section */

/* Begin PBXResourcesBuildPhase section */
		57D91E4C2886E25B0037F3A5 /* Resources */ = {
			isa = PBXResourcesBuildPhase;
			buildActionMask = 2147483647;
			files = (
				57D91E5E2886E25D0037F3A5 /* LaunchScreen.storyboard in Resources */,
				57D91E5B2886E25D0037F3A5 /* Assets.xcassets in Resources */,
				57D91E592886E25B0037F3A5 /* Main.storyboard in Resources */,
			);
			runOnlyForDeploymentPostprocessing = 0;
		};
/* End PBXResourcesBuildPhase section */

/* Begin PBXShellScriptBuildPhase section */
		80CF3BA83B7E46AA679BB18F /* [CP] Check Pods Manifest.lock */ = {
			isa = PBXShellScriptBuildPhase;
			buildActionMask = 2147483647;
			files = (
			);
			inputFileListPaths = (
			);
			inputPaths = (
				"${PODS_PODFILE_DIR_PATH}/Podfile.lock",
				"${PODS_ROOT}/Manifest.lock",
			);
			name = "[CP] Check Pods Manifest.lock";
			outputFileListPaths = (
			);
			outputPaths = (
				"$(DERIVED_FILE_DIR)/Pods-Rx_Training_day1-checkManifestLockResult.txt",
			);
			runOnlyForDeploymentPostprocessing = 0;
			shellPath = /bin/sh;
			shellScript = "diff \"${PODS_PODFILE_DIR_PATH}/Podfile.lock\" \"${PODS_ROOT}/Manifest.lock\" > /dev/null\nif [ $? != 0 ] ; then\n    # print error to STDERR\n    echo \"error: The sandbox is not in sync with the Podfile.lock. Run 'pod install' or update your CocoaPods installation.\" >&2\n    exit 1\nfi\n# This output is used by Xcode 'outputs' to avoid re-running this script phase.\necho \"SUCCESS\" > \"${SCRIPT_OUTPUT_FILE_0}\"\n";
			showEnvVarsInLog = 0;
		};
		B468E65E6EB66138CE78627F /* [CP] Embed Pods Frameworks */ = {
			isa = PBXShellScriptBuildPhase;
			buildActionMask = 2147483647;
			files = (
			);
			inputFileListPaths = (
				"${PODS_ROOT}/Target Support Files/Pods-Rx_Training_day1/Pods-Rx_Training_day1-frameworks-${CONFIGURATION}-input-files.xcfilelist",
			);
			name = "[CP] Embed Pods Frameworks";
			outputFileListPaths = (
				"${PODS_ROOT}/Target Support Files/Pods-Rx_Training_day1/Pods-Rx_Training_day1-frameworks-${CONFIGURATION}-output-files.xcfilelist",
			);
			runOnlyForDeploymentPostprocessing = 0;
			shellPath = /bin/sh;
			shellScript = "\"${PODS_ROOT}/Target Support Files/Pods-Rx_Training_day1/Pods-Rx_Training_day1-frameworks.sh\"\n";
			showEnvVarsInLog = 0;
		};
/* End PBXShellScriptBuildPhase section */

/* Begin PBXSourcesBuildPhase section */
		57D91E4A2886E25B0037F3A5 /* Sources */ = {
			isa = PBXSourcesBuildPhase;
			buildActionMask = 2147483647;
			files = (
				57D91E662886E4B60037F3A5 /* TextFieldViewController.swift in Sources */,
				57D91E6B28884CF90037F3A5 /* PracticeViewModel.swift in Sources */,
				57D91E562886E25B0037F3A5 /* ViewController.swift in Sources */,
				57D91E522886E25B0037F3A5 /* AppDelegate.swift in Sources */,
				57D91E6828884C540037F3A5 /* PracticeViewController.swift in Sources */,
				57D91E542886E25B0037F3A5 /* SceneDelegate.swift in Sources */,
			);
			runOnlyForDeploymentPostprocessing = 0;
		};
/* End PBXSourcesBuildPhase section */

/* Begin PBXVariantGroup section */
		57D91E572886E25B0037F3A5 /* Main.storyboard */ = {
			isa = PBXVariantGroup;
			children = (
				57D91E582886E25B0037F3A5 /* Base */,
			);
			name = Main.storyboard;
			sourceTree = "<group>";
		};
		57D91E5C2886E25D0037F3A5 /* LaunchScreen.storyboard */ = {
			isa = PBXVariantGroup;
			children = (
				57D91E5D2886E25D0037F3A5 /* Base */,
			);
			name = LaunchScreen.storyboard;
			sourceTree = "<group>";
		};
/* End PBXVariantGroup section */

/* Begin XCBuildConfiguration section */
		57D91E602886E25D0037F3A5 /* Debug */ = {
			isa = XCBuildConfiguration;
			buildSettings = {
				ALWAYS_SEARCH_USER_PATHS = NO;
				CLANG_ANALYZER_NONNULL = YES;
				CLANG_ANALYZER_NUMBER_OBJECT_CONVERSION = YES_AGGRESSIVE;
				CLANG_CXX_LANGUAGE_STANDARD = "gnu++17";
				CLANG_ENABLE_MODULES = YES;
				CLANG_ENABLE_OBJC_ARC = YES;
				CLANG_ENABLE_OBJC_WEAK = YES;
				CLANG_WARN_BLOCK_CAPTURE_AUTORELEASING = YES;
				CLANG_WARN_BOOL_CONVERSION = YES;
				CLANG_WARN_COMMA = YES;
				CLANG_WARN_CONSTANT_CONVERSION = YES;
				CLANG_WARN_DEPRECATED_OBJC_IMPLEMENTATIONS = YES;
				CLANG_WARN_DIRECT_OBJC_ISA_USAGE = YES_ERROR;
				CLANG_WARN_DOCUMENTATION_COMMENTS = YES;
				CLANG_WARN_EMPTY_BODY = YES;
				CLANG_WARN_ENUM_CONVERSION = YES;
				CLANG_WARN_INFINITE_RECURSION = YES;
				CLANG_WARN_INT_CONVERSION = YES;
				CLANG_WARN_NON_LITERAL_NULL_CONVERSION = YES;
				CLANG_WARN_OBJC_IMPLICIT_RETAIN_SELF = YES;
				CLANG_WARN_OBJC_LITERAL_CONVERSION = YES;
				CLANG_WARN_OBJC_ROOT_CLASS = YES_ERROR;
				CLANG_WARN_QUOTED_INCLUDE_IN_FRAMEWORK_HEADER = YES;
				CLANG_WARN_RANGE_LOOP_ANALYSIS = YES;
				CLANG_WARN_STRICT_PROTOTYPES = YES;
				CLANG_WARN_SUSPICIOUS_MOVE = YES;
				CLANG_WARN_UNGUARDED_AVAILABILITY = YES_AGGRESSIVE;
				CLANG_WARN_UNREACHABLE_CODE = YES;
				CLANG_WARN__DUPLICATE_METHOD_MATCH = YES;
				COPY_PHASE_STRIP = NO;
				DEBUG_INFORMATION_FORMAT = dwarf;
				ENABLE_STRICT_OBJC_MSGSEND = YES;
				ENABLE_TESTABILITY = YES;
				GCC_C_LANGUAGE_STANDARD = gnu11;
				GCC_DYNAMIC_NO_PIC = NO;
				GCC_NO_COMMON_BLOCKS = YES;
				GCC_OPTIMIZATION_LEVEL = 0;
				GCC_PREPROCESSOR_DEFINITIONS = (
					"DEBUG=1",
					"$(inherited)",
				);
				GCC_WARN_64_TO_32_BIT_CONVERSION = YES;
				GCC_WARN_ABOUT_RETURN_TYPE = YES_ERROR;
				GCC_WARN_UNDECLARED_SELECTOR = YES;
				GCC_WARN_UNINITIALIZED_AUTOS = YES_AGGRESSIVE;
				GCC_WARN_UNUSED_FUNCTION = YES;
				GCC_WARN_UNUSED_VARIABLE = YES;
				IPHONEOS_DEPLOYMENT_TARGET = 15.4;
				MTL_ENABLE_DEBUG_INFO = INCLUDE_SOURCE;
				MTL_FAST_MATH = YES;
				ONLY_ACTIVE_ARCH = YES;
				SDKROOT = iphoneos;
				SWIFT_ACTIVE_COMPILATION_CONDITIONS = DEBUG;
				SWIFT_OPTIMIZATION_LEVEL = "-Onone";
			};
			name = Debug;
		};
		57D91E612886E25D0037F3A5 /* Release */ = {
			isa = XCBuildConfiguration;
			buildSettings = {
				ALWAYS_SEARCH_USER_PATHS = NO;
				CLANG_ANALYZER_NONNULL = YES;
				CLANG_ANALYZER_NUMBER_OBJECT_CONVERSION = YES_AGGRESSIVE;
				CLANG_CXX_LANGUAGE_STANDARD = "gnu++17";
				CLANG_ENABLE_MODULES = YES;
				CLANG_ENABLE_OBJC_ARC = YES;
				CLANG_ENABLE_OBJC_WEAK = YES;
				CLANG_WARN_BLOCK_CAPTURE_AUTORELEASING = YES;
				CLANG_WARN_BOOL_CONVERSION = YES;
				CLANG_WARN_COMMA = YES;
				CLANG_WARN_CONSTANT_CONVERSION = YES;
				CLANG_WARN_DEPRECATED_OBJC_IMPLEMENTATIONS = YES;
				CLANG_WARN_DIRECT_OBJC_ISA_USAGE = YES_ERROR;
				CLANG_WARN_DOCUMENTATION_COMMENTS = YES;
				CLANG_WARN_EMPTY_BODY = YES;
				CLANG_WARN_ENUM_CONVERSION = YES;
				CLANG_WARN_INFINITE_RECURSION = YES;
				CLANG_WARN_INT_CONVERSION = YES;
				CLANG_WARN_NON_LITERAL_NULL_CONVERSION = YES;
				CLANG_WARN_OBJC_IMPLICIT_RETAIN_SELF = YES;
				CLANG_WARN_OBJC_LITERAL_CONVERSION = YES;
				CLANG_WARN_OBJC_ROOT_CLASS = YES_ERROR;
				CLANG_WARN_QUOTED_INCLUDE_IN_FRAMEWORK_HEADER = YES;
				CLANG_WARN_RANGE_LOOP_ANALYSIS = YES;
				CLANG_WARN_STRICT_PROTOTYPES = YES;
				CLANG_WARN_SUSPICIOUS_MOVE = YES;
				CLANG_WARN_UNGUARDED_AVAILABILITY = YES_AGGRESSIVE;
				CLANG_WARN_UNREACHABLE_CODE = YES;
				CLANG_WARN__DUPLICATE_METHOD_MATCH = YES;
				COPY_PHASE_STRIP = NO;
				DEBUG_INFORMATION_FORMAT = "dwarf-with-dsym";
				ENABLE_NS_ASSERTIONS = NO;
				ENABLE_STRICT_OBJC_MSGSEND = YES;
				GCC_C_LANGUAGE_STANDARD = gnu11;
				GCC_NO_COMMON_BLOCKS = YES;
				GCC_WARN_64_TO_32_BIT_CONVERSION = YES;
				GCC_WARN_ABOUT_RETURN_TYPE = YES_ERROR;
				GCC_WARN_UNDECLARED_SELECTOR = YES;
				GCC_WARN_UNINITIALIZED_AUTOS = YES_AGGRESSIVE;
				GCC_WARN_UNUSED_FUNCTION = YES;
				GCC_WARN_UNUSED_VARIABLE = YES;
				IPHONEOS_DEPLOYMENT_TARGET = 15.4;
				MTL_ENABLE_DEBUG_INFO = NO;
				MTL_FAST_MATH = YES;
				SDKROOT = iphoneos;
				SWIFT_COMPILATION_MODE = wholemodule;
				SWIFT_OPTIMIZATION_LEVEL = "-O";
				VALIDATE_PRODUCT = YES;
			};
			name = Release;
		};
		57D91E632886E25D0037F3A5 /* Debug */ = {
			isa = XCBuildConfiguration;
			baseConfigurationReference = 1BE88EC9C1068279FFC4A61A /* Pods-Rx_Training_day1.debug.xcconfig */;
			buildSettings = {
				ASSETCATALOG_COMPILER_APPICON_NAME = AppIcon;
				ASSETCATALOG_COMPILER_GLOBAL_ACCENT_COLOR_NAME = AccentColor;
				CODE_SIGN_STYLE = Automatic;
				CURRENT_PROJECT_VERSION = 1;
				DEVELOPMENT_TEAM = 85M8N8XJAT;
				GENERATE_INFOPLIST_FILE = YES;
				INFOPLIST_FILE = Rx_Training_day1/Info.plist;
				INFOPLIST_KEY_UIApplicationSupportsIndirectInputEvents = YES;
				INFOPLIST_KEY_UILaunchStoryboardName = LaunchScreen;
				INFOPLIST_KEY_UIMainStoryboardFile = Main;
				INFOPLIST_KEY_UISupportedInterfaceOrientations_iPad = "UIInterfaceOrientationPortrait UIInterfaceOrientationPortraitUpsideDown UIInterfaceOrientationLandscapeLeft UIInterfaceOrientationLandscapeRight";
				INFOPLIST_KEY_UISupportedInterfaceOrientations_iPhone = "UIInterfaceOrientationPortrait UIInterfaceOrientationLandscapeLeft UIInterfaceOrientationLandscapeRight";
				LD_RUNPATH_SEARCH_PATHS = (
					"$(inherited)",
					"@executable_path/Frameworks",
				);
				MARKETING_VERSION = 1.0;
				PRODUCT_BUNDLE_IDENTIFIER = "Anies1212noApp.Rx-Training-day1";
				PRODUCT_NAME = "$(TARGET_NAME)";
				SWIFT_EMIT_LOC_STRINGS = YES;
				SWIFT_VERSION = 5.0;
				TARGETED_DEVICE_FAMILY = "1,2";
			};
			name = Debug;
		};
		57D91E642886E25D0037F3A5 /* Release */ = {
			isa = XCBuildConfiguration;
			baseConfigurationReference = 4C11F769FCD34884EDF3EF44 /* Pods-Rx_Training_day1.release.xcconfig */;
			buildSettings = {
				ASSETCATALOG_COMPILER_APPICON_NAME = AppIcon;
				ASSETCATALOG_COMPILER_GLOBAL_ACCENT_COLOR_NAME = AccentColor;
				CODE_SIGN_STYLE = Automatic;
				CURRENT_PROJECT_VERSION = 1;
				DEVELOPMENT_TEAM = 85M8N8XJAT;
				GENERATE_INFOPLIST_FILE = YES;
				INFOPLIST_FILE = Rx_Training_day1/Info.plist;
				INFOPLIST_KEY_UIApplicationSupportsIndirectInputEvents = YES;
				INFOPLIST_KEY_UILaunchStoryboardName = LaunchScreen;
				INFOPLIST_KEY_UIMainStoryboardFile = Main;
				INFOPLIST_KEY_UISupportedInterfaceOrientations_iPad = "UIInterfaceOrientationPortrait UIInterfaceOrientationPortraitUpsideDown UIInterfaceOrientationLandscapeLeft UIInterfaceOrientationLandscapeRight";
				INFOPLIST_KEY_UISupportedInterfaceOrientations_iPhone = "UIInterfaceOrientationPortrait UIInterfaceOrientationLandscapeLeft UIInterfaceOrientationLandscapeRight";
				LD_RUNPATH_SEARCH_PATHS = (
					"$(inherited)",
					"@executable_path/Frameworks",
				);
				MARKETING_VERSION = 1.0;
				PRODUCT_BUNDLE_IDENTIFIER = "Anies1212noApp.Rx-Training-day1";
				PRODUCT_NAME = "$(TARGET_NAME)";
				SWIFT_EMIT_LOC_STRINGS = YES;
				SWIFT_VERSION = 5.0;
				TARGETED_DEVICE_FAMILY = "1,2";
			};
			name = Release;
		};
/* End XCBuildConfiguration section */

/* Begin XCConfigurationList section */
		57D91E492886E25B0037F3A5 /* Build configuration list for PBXProject "Rx_Training_day1" */ = {
			isa = XCConfigurationList;
			buildConfigurations = (
				57D91E602886E25D0037F3A5 /* Debug */,
				57D91E612886E25D0037F3A5 /* Release */,
			);
			defaultConfigurationIsVisible = 0;
			defaultConfigurationName = Release;
		};
		57D91E622886E25D0037F3A5 /* Build configuration list for PBXNativeTarget "Rx_Training_day1" */ = {
			isa = XCConfigurationList;
			buildConfigurations = (
				57D91E632886E25D0037F3A5 /* Debug */,
				57D91E642886E25D0037F3A5 /* Release */,
			);
			defaultConfigurationIsVisible = 0;
			defaultConfigurationName = Release;
		};
/* End XCConfigurationList section */
	};
	rootObject = 57D91E462886E25B0037F3A5 /* Project object */;
}
